
Microsoft Visual Studio Solution File, Format Version 12.00
# Visual Studio Version 16
VisualStudioVersion = 16.0.30114.105
MinimumVisualStudioVersion = 10.0.40219.1
Project("{FAE04EC0-301F-11D3-BF4B-00C04F79EFBC}") = "MyClassLibrary", "MyClassLibrary\MyClassLibrary.csproj", "{2F9130EE-D22A-4752-AE1B-7ECD60CAA874}"
EndProject
Project("{FAE04EC0-301F-11D3-BF4B-00C04F79EFBC}") = "Zadacha_47", "Zadacha_47\Zadacha_47.csproj", "{A62CAFBF-3228-40BB-B202-6B9E6964672B}"
EndProject
Project("{FAE04EC0-301F-11D3-BF4B-00C04F79EFBC}") = "Zadacha_50", "Zadacha_50\Zadacha_50.csproj", "{9EE90C2B-B009-4764-BDC0-F0CC2D68E8D2}"
EndProject
Project("{FAE04EC0-301F-11D3-BF4B-00C04F79EFBC}") = "Zadacha_52", "Zadacha_52\Zadacha_52.csproj", "{F73EE034-8FC6-459F-8796-D7CFF4D5B013}"
EndProject
Global
	GlobalSection(SolutionConfigurationPlatforms) = preSolution
		Debug|Any CPU = Debug|Any CPU
		Release|Any CPU = Release|Any CPU
	EndGlobalSection
	GlobalSection(SolutionProperties) = preSolution
		HideSolutionNode = FALSE
	EndGlobalSection
	GlobalSection(ProjectConfigurationPlatforms) = postSolution
		{2F9130EE-D22A-4752-AE1B-7ECD60CAA874}.Debug|Any CPU.ActiveCfg = Debug|Any CPU
		{2F9130EE-D22A-4752-AE1B-7ECD60CAA874}.Debug|Any CPU.Build.0 = Debug|Any CPU
		{2F9130EE-D22A-4752-AE1B-7ECD60CAA874}.Release|Any CPU.ActiveCfg = Release|Any CPU
		{2F9130EE-D22A-4752-AE1B-7ECD60CAA874}.Release|Any CPU.Build.0 = Release|Any CPU
		{A62CAFBF-3228-40BB-B202-6B9E6964672B}.Debug|Any CPU.ActiveCfg = Debug|Any CPU
		{A62CAFBF-3228-40BB-B202-6B9E6964672B}.Debug|Any CPU.Build.0 = Debug|Any CPU
		{A62CAFBF-3228-40BB-B202-6B9E6964672B}.Release|Any CPU.ActiveCfg = Release|Any CPU
		{A62CAFBF-3228-40BB-B202-6B9E6964672B}.Release|Any CPU.Build.0 = Release|Any CPU
		{9EE90C2B-B009-4764-BDC0-F0CC2D68E8D2}.Debug|Any CPU.ActiveCfg = Debug|Any CPU
		{9EE90C2B-B009-4764-BDC0-F0CC2D68E8D2}.Debug|Any CPU.Build.0 = Debug|Any CPU
		{9EE90C2B-B009-4764-BDC0-F0CC2D68E8D2}.Release|Any CPU.ActiveCfg = Release|Any CPU
		{9EE90C2B-B009-4764-BDC0-F0CC2D68E8D2}.Release|Any CPU.Build.0 = Release|Any CPU
		{F73EE034-8FC6-459F-8796-D7CFF4D5B013}.Debug|Any CPU.ActiveCfg = Debug|Any CPU
		{F73EE034-8FC6-459F-8796-D7CFF4D5B013}.Debug|Any CPU.Build.0 = Debug|Any CPU
		{F73EE034-8FC6-459F-8796-D7CFF4D5B013}.Release|Any CPU.ActiveCfg = Release|Any CPU
		{F73EE034-8FC6-459F-8796-D7CFF4D5B013}.Release|Any CPU.Build.0 = Release|Any CPU
	EndGlobalSection
EndGlobal
